
Microsoft Visual Studio Solution File, Format Version 10.00
# Visual Studio 2008
Project("{FAE04EC0-301F-11D3-BF4B-00C04F79EFBC}") = "UndefeatedTicTacToe", "UndefeatedTicTacToe\UndefeatedTicTacToe.csproj", "{9535796A-F0CD-453C-B466-895B5C8A3AC3}"
EndProject
Project("{FAE04EC0-301F-11D3-BF4B-00C04F79EFBC}") = "UndefeatedTicTacToe.Specs", "UndefeatedTicTacToe.Specs\UndefeatedTicTacToe.Specs.csproj", "{FF19E645-7A46-4294-9F10-7DF30AD1D6B9}"
EndProject
Global
	GlobalSection(SolutionConfigurationPlatforms) = preSolution
		Debug|Any CPU = Debug|Any CPU
		Release|Any CPU = Release|Any CPU
	EndGlobalSection
	GlobalSection(ProjectConfigurationPlatforms) = postSolution
		{9535796A-F0CD-453C-B466-895B5C8A3AC3}.Debug|Any CPU.ActiveCfg = Debug|Any CPU
		{9535796A-F0CD-453C-B466-895B5C8A3AC3}.Debug|Any CPU.Build.0 = Debug|Any CPU
		{9535796A-F0CD-453C-B466-895B5C8A3AC3}.Release|Any CPU.ActiveCfg = Release|Any CPU
		{9535796A-F0CD-453C-B466-895B5C8A3AC3}.Release|Any CPU.Build.0 = Release|Any CPU
		{FF19E645-7A46-4294-9F10-7DF30AD1D6B9}.Debug|Any CPU.ActiveCfg = Debug|Any CPU
		{FF19E645-7A46-4294-9F10-7DF30AD1D6B9}.Debug|Any CPU.Build.0 = Debug|Any CPU
		{FF19E645-7A46-4294-9F10-7DF30AD1D6B9}.Release|Any CPU.ActiveCfg = Release|Any CPU
		{FF19E645-7A46-4294-9F10-7DF30AD1D6B9}.Release|Any CPU.Build.0 = Release|Any CPU
	EndGlobalSection
	GlobalSection(SolutionProperties) = preSolution
		HideSolutionNode = FALSE
	EndGlobalSection
EndGlobal
